
Microsoft Visual Studio Solution File, Format Version 11.00
# Visual Studio 2010
Project("{FAE04EC0-301F-11D3-BF4B-00C04F79EFBC}") = "Assembly-CSharp", "Assembly-CSharp.csproj", "{114E245D-3428-C05A-DBB9-AE81F85A39FE}"
EndProject
Global
	GlobalSection(SolutionConfigurationPlatforms) = preSolution
		Debug|Any CPU = Debug|Any CPU
		Release|Any CPU = Release|Any CPU
	EndGlobalSection
	GlobalSection(ProjectConfigurationPlatforms) = postSolution
		{114E245D-3428-C05A-DBB9-AE81F85A39FE}.Debug|Any CPU.ActiveCfg = Debug|Any CPU
		{114E245D-3428-C05A-DBB9-AE81F85A39FE}.Debug|Any CPU.Build.0 = Debug|Any CPU
		{114E245D-3428-C05A-DBB9-AE81F85A39FE}.Release|Any CPU.ActiveCfg = Release|Any CPU
		{114E245D-3428-C05A-DBB9-AE81F85A39FE}.Release|Any CPU.Build.0 = Release|Any CPU
	EndGlobalSection
	GlobalSection(SolutionProperties) = preSolution
		HideSolutionNode = FALSE
	EndGlobalSection
EndGlobal
